// !$*UTF8*$!
{
	archiveVersion = 1;
	classes = {
	};
	objectVersion = 56;
	objects = {

/* Begin PBXBuildFile section */
		680C75EA29C323350072E3C2 /* SwiftUIMenuBarAppDemoApp.swift in Sources */ = {isa = PBXBuildFile; fileRef = 680C75E929C323350072E3C2 /* SwiftUIMenuBarAppDemoApp.swift */; };
		680C75EE29C323360072E3C2 /* Assets.xcassets in Resources */ = {isa = PBXBuildFile; fileRef = 680C75ED29C323360072E3C2 /* Assets.xcassets */; };
		680C75F129C323360072E3C2 /* Preview Assets.xcassets in Resources */ = {isa = PBXBuildFile; fileRef = 680C75F029C323360072E3C2 /* Preview Assets.xcassets */; };
		680C75FB29C3237E0072E3C2 /* MenuBarWindow.swift in Sources */ = {isa = PBXBuildFile; fileRef = 680C75F829C3237D0072E3C2 /* MenuBarWindow.swift */; };
		680C75FC29C3237E0072E3C2 /* MenuBarList.swift in Sources */ = {isa = PBXBuildFile; fileRef = 680C75F929C3237D0072E3C2 /* MenuBarList.swift */; };
		680C75FD29C3237E0072E3C2 /* MoreGaugesView.swift in Sources */ = {isa = PBXBuildFile; fileRef = 680C75FA29C3237E0072E3C2 /* MoreGaugesView.swift */; };
/* End PBXBuildFile section */

/* Begin PBXFileReference section */
		680C75E629C323350072E3C2 /* SwiftUIMenuBarAppDemo.app */ = {isa = PBXFileReference; explicitFileType = wrapper.application; includeInIndex = 0; path = SwiftUIMenuBarAppDemo.app; sourceTree = BUILT_PRODUCTS_DIR; };
		680C75E929C323350072E3C2 /* SwiftUIMenuBarAppDemoApp.swift */ = {isa = PBXFileReference; lastKnownFileType = sourcecode.swift; path = SwiftUIMenuBarAppDemoApp.swift; sourceTree = "<group>"; };
		680C75ED29C323360072E3C2 /* Assets.xcassets */ = {isa = PBXFileReference; lastKnownFileType = folder.assetcatalog; path = Assets.xcassets; sourceTree = "<group>"; };
		680C75F029C323360072E3C2 /* Preview Assets.xcassets */ = {isa = PBXFileReference; lastKnownFileType = folder.assetcatalog; path = "Preview Assets.xcassets"; sourceTree = "<group>"; };
		680C75F229C323360072E3C2 /* SwiftUIMenuBarAppDemo.entitlements */ = {isa = PBXFileReference; lastKnownFileType = text.plist.entitlements; path = SwiftUIMenuBarAppDemo.entitlements; sourceTree = "<group>"; };
		680C75F829C3237D0072E3C2 /* MenuBarWindow.swift */ = {isa = PBXFileReference; fileEncoding = 4; lastKnownFileType = sourcecode.swift; path = MenuBarWindow.swift; sourceTree = "<group>"; };
		680C75F929C3237D0072E3C2 /* MenuBarList.swift */ = {isa = PBXFileReference; fileEncoding = 4; lastKnownFileType = sourcecode.swift; path = MenuBarList.swift; sourceTree = "<group>"; };
		680C75FA29C3237E0072E3C2 /* MoreGaugesView.swift */ = {isa = PBXFileReference; fileEncoding = 4; lastKnownFileType = sourcecode.swift; path = MoreGaugesView.swift; sourceTree = "<group>"; };
/* End PBXFileReference section */

/* Begin PBXFrameworksBuildPhase section */
		680C75E329C323350072E3C2 /* Frameworks */ = {
			isa = PBXFrameworksBuildPhase;
			buildActionMask = 2147483647;
			files = (
			);
			runOnlyForDeploymentPostprocessing = 0;
		};
/* End PBXFrameworksBuildPhase section */

/* Begin PBXGroup section */
		680C75DD29C323350072E3C2 = {
			isa = PBXGroup;
			children = (
				680C75E829C323350072E3C2 /* SwiftUIMenuBarAppDemo */,
				680C75E729C323350072E3C2 /* Products */,
			);
			sourceTree = "<group>";
		};
		680C75E729C323350072E3C2 /* Products */ = {
			isa = PBXGroup;
			children = (
				680C75E629C323350072E3C2 /* SwiftUIMenuBarAppDemo.app */,
			);
			name = Products;
			sourceTree = "<group>";
		};
		680C75E829C323350072E3C2 /* SwiftUIMenuBarAppDemo */ = {
			isa = PBXGroup;
			children = (
				680C75E929C323350072E3C2 /* SwiftUIMenuBarAppDemoApp.swift */,
				680C75F929C3237D0072E3C2 /* MenuBarList.swift */,
				680C75F829C3237D0072E3C2 /* MenuBarWindow.swift */,
				680C75FA29C3237E0072E3C2 /* MoreGaugesView.swift */,
				680C75ED29C323360072E3C2 /* Assets.xcassets */,
				680C75F229C323360072E3C2 /* SwiftUIMenuBarAppDemo.entitlements */,
				680C75EF29C323360072E3C2 /* Preview Content */,
			);
			path = SwiftUIMenuBarAppDemo;
			sourceTree = "<group>";
		};
		680C75EF29C323360072E3C2 /* Preview Content */ = {
			isa = PBXGroup;
			children = (
				680C75F029C323360072E3C2 /* Preview Assets.xcassets */,
			);
			path = "Preview Content";
			sourceTree = "<group>";
		};
/* End PBXGroup section */

/* Begin PBXNativeTarget section */
		680C75E529C323350072E3C2 /* SwiftUIMenuBarAppDemo */ = {
			isa = PBXNativeTarget;
			buildConfigurationList = 680C75F529C323360072E3C2 /* Build configuration list for PBXNativeTarget "SwiftUIMenuBarAppDemo" */;
			buildPhases = (
				680C75E229C323350072E3C2 /* Sources */,
				680C75E329C323350072E3C2 /* Frameworks */,
				680C75E429C323350072E3C2 /* Resources */,
			);
			buildRules = (
			);
			dependencies = (
			);
			name = SwiftUIMenuBarAppDemo;
			productName = SwiftUIMenuBarAppDemo;
			productReference = 680C75E629C323350072E3C2 /* SwiftUIMenuBarAppDemo.app */;
			productType = "com.apple.product-type.application";
		};
/* End PBXNativeTarget section */

/* Begin PBXProject section */
		680C75DE29C323350072E3C2 /* Project object */ = {
			isa = PBXProject;
			attributes = {
				BuildIndependentTargetsInParallel = 1;
				LastSwiftUpdateCheck = 1420;
				LastUpgradeCheck = 1420;
				TargetAttributes = {
					680C75E529C323350072E3C2 = {
						CreatedOnToolsVersion = 14.2;
					};
				};
			};
			buildConfigurationList = 680C75E129C323350072E3C2 /* Build configuration list for PBXProject "SwiftUIMenuBarAppDemo" */;
			compatibilityVersion = "Xcode 14.0";
			developmentRegion = en;
			hasScannedForEncodings = 0;
			knownRegions = (
				en,
				Base,
			);
			mainGroup = 680C75DD29C323350072E3C2;
			productRefGroup = 680C75E729C323350072E3C2 /* Products */;
			projectDirPath = "";
			projectRoot = "";
			targets = (
				680C75E529C323350072E3C2 /* SwiftUIMenuBarAppDemo */,
			);
		};
/* End PBXProject section */

/* Begin PBXResourcesBuildPhase section */
		680C75E429C323350072E3C2 /* Resources */ = {
			isa = PBXResourcesBuildPhase;
			buildActionMask = 2147483647;
			files = (
				680C75F129C323360072E3C2 /* Preview Assets.xcassets in Resources */,
				680C75EE29C323360072E3C2 /* Assets.xcassets in Resources */,
			);
			runOnlyForDeploymentPostprocessing = 0;
		};
/* End PBXResourcesBuildPhase section */

/* Begin PBXSourcesBuildPhase section */
		680C75E229C323350072E3C2 /* Sources */ = {
			isa = PBXSourcesBuildPhase;
			buildActionMask = 2147483647;
			files = (
				680C75FD29C3237E0072E3C2 /* MoreGaugesView.swift in Sources */,
				680C75EA29C323350072E3C2 /* SwiftUIMenuBarAppDemoApp.swift in Sources */,
				680C75FC29C3237E0072E3C2 /* MenuBarList.swift in Sources */,
				680C75FB29C3237E0072E3C2 /* MenuBarWindow.swift in Sources */,
			);
			runOnlyForDeploymentPostprocessing = 0;
		};
/* End PBXSourcesBuildPhase section */

/* Begin XCBuildConfiguration section */
		680C75F329C323360072E3C2 /* Debug */ = {
			isa = XCBuildConfiguration;
			buildSettings = {
				ALWAYS_SEARCH_USER_PATHS = NO;
				CLANG_ANALYZER_NONNULL = YES;
				CLANG_ANALYZER_NUMBER_OBJECT_CONVERSION = YES_AGGRESSIVE;
				CLANG_CXX_LANGUAGE_STANDARD = "gnu++20";
				CLANG_ENABLE_MODULES = YES;
				CLANG_ENABLE_OBJC_ARC = YES;
				CLANG_ENABLE_OBJC_WEAK = YES;
				CLANG_WARN_BLOCK_CAPTURE_AUTORELEASING = YES;
				CLANG_WARN_BOOL_CONVERSION = YES;
				CLANG_WARN_COMMA = YES;
				CLANG_WARN_CONSTANT_CONVERSION = YES;
				CLANG_WARN_DEPRECATED_OBJC_IMPLEMENTATIONS = YES;
				CLANG_WARN_DIRECT_OBJC_ISA_USAGE = YES_ERROR;
				CLANG_WARN_DOCUMENTATION_COMMENTS = YES;
				CLANG_WARN_EMPTY_BODY = YES;
				CLANG_WARN_ENUM_CONVERSION = YES;
				CLANG_WARN_INFINITE_RECURSION = YES;
				CLANG_WARN_INT_CONVERSION = YES;
				CLANG_WARN_NON_LITERAL_NULL_CONVERSION = YES;
				CLANG_WARN_OBJC_IMPLICIT_RETAIN_SELF = YES;
				CLANG_WARN_OBJC_LITERAL_CONVERSION = YES;
				CLANG_WARN_OBJC_ROOT_CLASS = YES_ERROR;
				CLANG_WARN_QUOTED_INCLUDE_IN_FRAMEWORK_HEADER = YES;
				CLANG_WARN_RANGE_LOOP_ANALYSIS = YES;
				CLANG_WARN_STRICT_PROTOTYPES = YES;
				CLANG_WARN_SUSPICIOUS_MOVE = YES;
				CLANG_WARN_UNGUARDED_AVAILABILITY = YES_AGGRESSIVE;
				CLANG_WARN_UNREACHABLE_CODE = YES;
				CLANG_WARN__DUPLICATE_METHOD_MATCH = YES;
				COPY_PHASE_STRIP = NO;
				DEBUG_INFORMATION_FORMAT = dwarf;
				ENABLE_STRICT_OBJC_MSGSEND = YES;
				ENABLE_TESTABILITY = YES;
				GCC_C_LANGUAGE_STANDARD = gnu11;
				GCC_DYNAMIC_NO_PIC = NO;
				GCC_NO_COMMON_BLOCKS = YES;
				GCC_OPTIMIZATION_LEVEL = 0;
				GCC_PREPROCESSOR_DEFINITIONS = (
					"DEBUG=1",
					"$(inherited)",
				);
				GCC_WARN_64_TO_32_BIT_CONVERSION = YES;
				GCC_WARN_ABOUT_RETURN_TYPE = YES_ERROR;
				GCC_WARN_UNDECLARED_SELECTOR = YES;
				GCC_WARN_UNINITIALIZED_AUTOS = YES_AGGRESSIVE;
				GCC_WARN_UNUSED_FUNCTION = YES;
				GCC_WARN_UNUSED_VARIABLE = YES;
				MACOSX_DEPLOYMENT_TARGET = 13.1;
				MTL_ENABLE_DEBUG_INFO = INCLUDE_SOURCE;
				MTL_FAST_MATH = YES;
				ONLY_ACTIVE_ARCH = YES;
				SDKROOT = macosx;
				SWIFT_ACTIVE_COMPILATION_CONDITIONS = DEBUG;
				SWIFT_OPTIMIZATION_LEVEL = "-Onone";
			};
			name = Debug;
		};
		680C75F429C323360072E3C2 /* Release */ = {
			isa = XCBuildConfiguration;
			buildSettings = {
				ALWAYS_SEARCH_USER_PATHS = NO;
				CLANG_ANALYZER_NONNULL = YES;
				CLANG_ANALYZER_NUMBER_OBJECT_CONVERSION = YES_AGGRESSIVE;
				CLANG_CXX_LANGUAGE_STANDARD = "gnu++20";
				CLANG_ENABLE_MODULES = YES;
				CLANG_ENABLE_OBJC_ARC = YES;
				CLANG_ENABLE_OBJC_WEAK = YES;
				CLANG_WARN_BLOCK_CAPTURE_AUTORELEASING = YES;
				CLANG_WARN_BOOL_CONVERSION = YES;
				CLANG_WARN_COMMA = YES;
				CLANG_WARN_CONSTANT_CONVERSION = YES;
				CLANG_WARN_DEPRECATED_OBJC_IMPLEMENTATIONS = YES;
				CLANG_WARN_DIRECT_OBJC_ISA_USAGE = YES_ERROR;
				CLANG_WARN_DOCUMENTATION_COMMENTS = YES;
				CLANG_WARN_EMPTY_BODY = YES;
				CLANG_WARN_ENUM_CONVERSION = YES;
				CLANG_WARN_INFINITE_RECURSION = YES;
				CLANG_WARN_INT_CONVERSION = YES;
				CLANG_WARN_NON_LITERAL_NULL_CONVERSION = YES;
				CLANG_WARN_OBJC_IMPLICIT_RETAIN_SELF = YES;
				CLANG_WARN_OBJC_LITERAL_CONVERSION = YES;
				CLANG_WARN_OBJC_ROOT_CLASS = YES_ERROR;
				CLANG_WARN_QUOTED_INCLUDE_IN_FRAMEWORK_HEADER = YES;
				CLANG_WARN_RANGE_LOOP_ANALYSIS = YES;
				CLANG_WARN_STRICT_PROTOTYPES = YES;
				CLANG_WARN_SUSPICIOUS_MOVE = YES;
				CLANG_WARN_UNGUARDED_AVAILABILITY = YES_AGGRESSIVE;
				CLANG_WARN_UNREACHABLE_CODE = YES;
				CLANG_WARN__DUPLICATE_METHOD_MATCH = YES;
				COPY_PHASE_STRIP = NO;
				DEBUG_INFORMATION_FORMAT = "dwarf-with-dsym";
				ENABLE_NS_ASSERTIONS = NO;
				ENABLE_STRICT_OBJC_MSGSEND = YES;
				GCC_C_LANGUAGE_STANDARD = gnu11;
				GCC_NO_COMMON_BLOCKS = YES;
				GCC_WARN_64_TO_32_BIT_CONVERSION = YES;
				GCC_WARN_ABOUT_RETURN_TYPE = YES_ERROR;
				GCC_WARN_UNDECLARED_SELECTOR = YES;
				GCC_WARN_UNINITIALIZED_AUTOS = YES_AGGRESSIVE;
				GCC_WARN_UNUSED_FUNCTION = YES;
				GCC_WARN_UNUSED_VARIABLE = YES;
				MACOSX_DEPLOYMENT_TARGET = 13.1;
				MTL_ENABLE_DEBUG_INFO = NO;
				MTL_FAST_MATH = YES;
				SDKROOT = macosx;
				SWIFT_COMPILATION_MODE = wholemodule;
				SWIFT_OPTIMIZATION_LEVEL = "-O";
			};
			name = Release;
		};
		680C75F629C323360072E3C2 /* Debug */ = {
			isa = XCBuildConfiguration;
			buildSettings = {
				ASSETCATALOG_COMPILER_APPICON_NAME = AppIcon;
				ASSETCATALOG_COMPILER_GLOBAL_ACCENT_COLOR_NAME = AccentColor;
				CODE_SIGN_ENTITLEMENTS = SwiftUIMenuBarAppDemo/SwiftUIMenuBarAppDemo.entitlements;
				CODE_SIGN_STYLE = Automatic;
				COMBINE_HIDPI_IMAGES = YES;
				CURRENT_PROJECT_VERSION = 1;
				DEVELOPMENT_ASSET_PATHS = "\"SwiftUIMenuBarAppDemo/Preview Content\"";
				DEVELOPMENT_TEAM = DAQCN465V5;
				ENABLE_HARDENED_RUNTIME = YES;
				ENABLE_PREVIEWS = YES;
				GENERATE_INFOPLIST_FILE = YES;
				INFOPLIST_KEY_NSHumanReadableCopyright = "";
				LD_RUNPATH_SEARCH_PATHS = (
					"$(inherited)",
					"@executable_path/../Frameworks",
				);
				MARKETING_VERSION = 1.0;
				PRODUCT_BUNDLE_IDENTIFIER = com.github.SwiftUIMenuBarAppDemo;
				PRODUCT_NAME = "$(TARGET_NAME)";
				SWIFT_EMIT_LOC_STRINGS = YES;
				SWIFT_VERSION = 5.0;
			};
			name = Debug;
		};
		680C75F729C323360072E3C2 /* Release */ = {
			isa = XCBuildConfiguration;
			buildSettings = {
				ASSETCATALOG_COMPILER_APPICON_NAME = AppIcon;
				ASSETCATALOG_COMPILER_GLOBAL_ACCENT_COLOR_NAME = AccentColor;
				CODE_SIGN_ENTITLEMENTS = SwiftUIMenuBarAppDemo/SwiftUIMenuBarAppDemo.entitlements;
				CODE_SIGN_STYLE = Automatic;
				COMBINE_HIDPI_IMAGES = YES;
				CURRENT_PROJECT_VERSION = 1;
				DEVELOPMENT_ASSET_PATHS = "\"SwiftUIMenuBarAppDemo/Preview Content\"";
				DEVELOPMENT_TEAM = DAQCN465V5;
				ENABLE_HARDENED_RUNTIME = YES;
				ENABLE_PREVIEWS = YES;
				GENERATE_INFOPLIST_FILE = YES;
				INFOPLIST_KEY_NSHumanReadableCopyright = "";
				LD_RUNPATH_SEARCH_PATHS = (
					"$(inherited)",
					"@executable_path/../Frameworks",
				);
				MARKETING_VERSION = 1.0;
				PRODUCT_BUNDLE_IDENTIFIER = com.github.SwiftUIMenuBarAppDemo;
				PRODUCT_NAME = "$(TARGET_NAME)";
				SWIFT_EMIT_LOC_STRINGS = YES;
				SWIFT_VERSION = 5.0;
			};
			name = Release;
		};
/* End XCBuildConfiguration section */

/* Begin XCConfigurationList section */
		680C75E129C323350072E3C2 /* Build configuration list for PBXProject "SwiftUIMenuBarAppDemo" */ = {
			isa = XCConfigurationList;
			buildConfigurations = (
				680C75F329C323360072E3C2 /* Debug */,
				680C75F429C323360072E3C2 /* Release */,
			);
			defaultConfigurationIsVisible = 0;
			defaultConfigurationName = Release;
		};
		680C75F529C323360072E3C2 /* Build configuration list for PBXNativeTarget "SwiftUIMenuBarAppDemo" */ = {
			isa = XCConfigurationList;
			buildConfigurations = (
				680C75F629C323360072E3C2 /* Debug */,
				680C75F729C323360072E3C2 /* Release */,
			);
			defaultConfigurationIsVisible = 0;
			defaultConfigurationName = Release;
		};
/* End XCConfigurationList section */
	};
	rootObject = 680C75DE29C323350072E3C2 /* Project object */;
}
